// !$*UTF8*$!
{
	archiveVersion = 1;
	classes = {
	};
	objectVersion = 46;
	objects = {

/* Begin PBXBuildFile section */
		8D7878B01E61738C00B60401 /* AppDelegate.swift in Sources */ = {isa = PBXBuildFile; fileRef = 8D7878AF1E61738C00B60401 /* AppDelegate.swift */; };
		8D7878B21E61738C00B60401 /* ViewController.swift in Sources */ = {isa = PBXBuildFile; fileRef = 8D7878B11E61738C00B60401 /* ViewController.swift */; };
		8D7878B51E61738C00B60401 /* Main.storyboard in Resources */ = {isa = PBXBuildFile; fileRef = 8D7878B31E61738C00B60401 /* Main.storyboard */; };
		8D7878B71E61738C00B60401 /* Assets.xcassets in Resources */ = {isa = PBXBuildFile; fileRef = 8D7878B61E61738C00B60401 /* Assets.xcassets */; };
		8D7878BA1E61738C00B60401 /* LaunchScreen.storyboard in Resources */ = {isa = PBXBuildFile; fileRef = 8D7878B81E61738C00B60401 /* LaunchScreen.storyboard */; };
		8D7878C51E61738C00B60401 /* Rx_DemoTests.swift in Sources */ = {isa = PBXBuildFile; fileRef = 8D7878C41E61738C00B60401 /* Rx_DemoTests.swift */; };
		8D7878D01E61738C00B60401 /* Rx_DemoUITests.swift in Sources */ = {isa = PBXBuildFile; fileRef = 8D7878CF1E61738C00B60401 /* Rx_DemoUITests.swift */; };
/* End PBXBuildFile section */

/* Begin PBXContainerItemProxy section */
		8D7878C11E61738C00B60401 /* PBXContainerItemProxy */ = {
			isa = PBXContainerItemProxy;
			containerPortal = 8D7878A41E61738C00B60401 /* Project object */;
			proxyType = 1;
			remoteGlobalIDString = 8D7878AB1E61738C00B60401;
			remoteInfo = "Rx-Demo";
		};
		8D7878CC1E61738C00B60401 /* PBXContainerItemProxy */ = {
			isa = PBXContainerItemProxy;
			containerPortal = 8D7878A41E61738C00B60401 /* Project object */;
			proxyType = 1;
			remoteGlobalIDString = 8D7878AB1E61738C00B60401;
			remoteInfo = "Rx-Demo";
		};
/* End PBXContainerItemProxy section */

/* Begin PBXFileReference section */
		8D7878AC1E61738C00B60401 /* Rx-Demo.app */ = {isa = PBXFileReference; explicitFileType = wrapper.application; includeInIndex = 0; path = "Rx-Demo.app"; sourceTree = BUILT_PRODUCTS_DIR; };
		8D7878AF1E61738C00B60401 /* AppDelegate.swift */ = {isa = PBXFileReference; lastKnownFileType = sourcecode.swift; path = AppDelegate.swift; sourceTree = "<group>"; };
		8D7878B11E61738C00B60401 /* ViewController.swift */ = {isa = PBXFileReference; lastKnownFileType = sourcecode.swift; path = ViewController.swift; sourceTree = "<group>"; };
		8D7878B41E61738C00B60401 /* Base */ = {isa = PBXFileReference; lastKnownFileType = file.storyboard; name = Base; path = Base.lproj/Main.storyboard; sourceTree = "<group>"; };
		8D7878B61E61738C00B60401 /* Assets.xcassets */ = {isa = PBXFileReference; lastKnownFileType = folder.assetcatalog; path = Assets.xcassets; sourceTree = "<group>"; };
		8D7878B91E61738C00B60401 /* Base */ = {isa = PBXFileReference; lastKnownFileType = file.storyboard; name = Base; path = Base.lproj/LaunchScreen.storyboard; sourceTree = "<group>"; };
		8D7878BB1E61738C00B60401 /* Info.plist */ = {isa = PBXFileReference; lastKnownFileType = text.plist.xml; path = Info.plist; sourceTree = "<group>"; };
		8D7878C01E61738C00B60401 /* Rx-DemoTests.xctest */ = {isa = PBXFileReference; explicitFileType = wrapper.cfbundle; includeInIndex = 0; path = "Rx-DemoTests.xctest"; sourceTree = BUILT_PRODUCTS_DIR; };
		8D7878C41E61738C00B60401 /* Rx_DemoTests.swift */ = {isa = PBXFileReference; lastKnownFileType = sourcecode.swift; path = Rx_DemoTests.swift; sourceTree = "<group>"; };
		8D7878C61E61738C00B60401 /* Info.plist */ = {isa = PBXFileReference; lastKnownFileType = text.plist.xml; path = Info.plist; sourceTree = "<group>"; };
		8D7878CB1E61738C00B60401 /* Rx-DemoUITests.xctest */ = {isa = PBXFileReference; explicitFileType = wrapper.cfbundle; includeInIndex = 0; path = "Rx-DemoUITests.xctest"; sourceTree = BUILT_PRODUCTS_DIR; };
		8D7878CF1E61738C00B60401 /* Rx_DemoUITests.swift */ = {isa = PBXFileReference; lastKnownFileType = sourcecode.swift; path = Rx_DemoUITests.swift; sourceTree = "<group>"; };
		8D7878D11E61738C00B60401 /* Info.plist */ = {isa = PBXFileReference; lastKnownFileType = text.plist.xml; path = Info.plist; sourceTree = "<group>"; };
/* End PBXFileReference section */

/* Begin PBXFrameworksBuildPhase section */
		8D7878A91E61738C00B60401 /* Frameworks */ = {
			isa = PBXFrameworksBuildPhase;
			buildActionMask = 2147483647;
			files = (
			);
			runOnlyForDeploymentPostprocessing = 0;
		};
		8D7878BD1E61738C00B60401 /* Frameworks */ = {
			isa = PBXFrameworksBuildPhase;
			buildActionMask = 2147483647;
			files = (
			);
			runOnlyForDeploymentPostprocessing = 0;
		};
		8D7878C81E61738C00B60401 /* Frameworks */ = {
			isa = PBXFrameworksBuildPhase;
			buildActionMask = 2147483647;
			files = (
			);
			runOnlyForDeploymentPostprocessing = 0;
		};
/* End PBXFrameworksBuildPhase section */

/* Begin PBXGroup section */
		8D7878A31E61738C00B60401 = {
			isa = PBXGroup;
			children = (
				8D7878AE1E61738C00B60401 /* Rx-Demo */,
				8D7878C31E61738C00B60401 /* Rx-DemoTests */,
				8D7878CE1E61738C00B60401 /* Rx-DemoUITests */,
				8D7878AD1E61738C00B60401 /* Products */,
			);
			sourceTree = "<group>";
		};
		8D7878AD1E61738C00B60401 /* Products */ = {
			isa = PBXGroup;
			children = (
				8D7878AC1E61738C00B60401 /* Rx-Demo.app */,
				8D7878C01E61738C00B60401 /* Rx-DemoTests.xctest */,
				8D7878CB1E61738C00B60401 /* Rx-DemoUITests.xctest */,
			);
			name = Products;
			sourceTree = "<group>";
		};
		8D7878AE1E61738C00B60401 /* Rx-Demo */ = {
			isa = PBXGroup;
			children = (
				8D7878AF1E61738C00B60401 /* AppDelegate.swift */,
				8D7878B11E61738C00B60401 /* ViewController.swift */,
				8D7878B31E61738C00B60401 /* Main.storyboard */,
				8D7878B61E61738C00B60401 /* Assets.xcassets */,
				8D7878B81E61738C00B60401 /* LaunchScreen.storyboard */,
				8D7878BB1E61738C00B60401 /* Info.plist */,
			);
			path = "Rx-Demo";
			sourceTree = "<group>";
		};
		8D7878C31E61738C00B60401 /* Rx-DemoTests */ = {
			isa = PBXGroup;
			children = (
				8D7878C41E61738C00B60401 /* Rx_DemoTests.swift */,
				8D7878C61E61738C00B60401 /* Info.plist */,
			);
			path = "Rx-DemoTests";
			sourceTree = "<group>";
		};
		8D7878CE1E61738C00B60401 /* Rx-DemoUITests */ = {
			isa = PBXGroup;
			children = (
				8D7878CF1E61738C00B60401 /* Rx_DemoUITests.swift */,
				8D7878D11E61738C00B60401 /* Info.plist */,
			);
			path = "Rx-DemoUITests";
			sourceTree = "<group>";
		};
/* End PBXGroup section */

/* Begin PBXNativeTarget section */
		8D7878AB1E61738C00B60401 /* Rx-Demo */ = {
			isa = PBXNativeTarget;
			buildConfigurationList = 8D7878D41E61738C00B60401 /* Build configuration list for PBXNativeTarget "Rx-Demo" */;
			buildPhases = (
				8D7878A81E61738C00B60401 /* Sources */,
				8D7878A91E61738C00B60401 /* Frameworks */,
				8D7878AA1E61738C00B60401 /* Resources */,
			);
			buildRules = (
			);
			dependencies = (
			);
			name = "Rx-Demo";
			productName = "Rx-Demo";
			productReference = 8D7878AC1E61738C00B60401 /* Rx-Demo.app */;
			productType = "com.apple.product-type.application";
		};
		8D7878BF1E61738C00B60401 /* Rx-DemoTests */ = {
			isa = PBXNativeTarget;
			buildConfigurationList = 8D7878D71E61738C00B60401 /* Build configuration list for PBXNativeTarget "Rx-DemoTests" */;
			buildPhases = (
				8D7878BC1E61738C00B60401 /* Sources */,
				8D7878BD1E61738C00B60401 /* Frameworks */,
				8D7878BE1E61738C00B60401 /* Resources */,
			);
			buildRules = (
			);
			dependencies = (
				8D7878C21E61738C00B60401 /* PBXTargetDependency */,
			);
			name = "Rx-DemoTests";
			productName = "Rx-DemoTests";
			productReference = 8D7878C01E61738C00B60401 /* Rx-DemoTests.xctest */;
			productType = "com.apple.product-type.bundle.unit-test";
		};
		8D7878CA1E61738C00B60401 /* Rx-DemoUITests */ = {
			isa = PBXNativeTarget;
			buildConfigurationList = 8D7878DA1E61738C00B60401 /* Build configuration list for PBXNativeTarget "Rx-DemoUITests" */;
			buildPhases = (
				8D7878C71E61738C00B60401 /* Sources */,
				8D7878C81E61738C00B60401 /* Frameworks */,
				8D7878C91E61738C00B60401 /* Resources */,
			);
			buildRules = (
			);
			dependencies = (
				8D7878CD1E61738C00B60401 /* PBXTargetDependency */,
			);
			name = "Rx-DemoUITests";
			productName = "Rx-DemoUITests";
			productReference = 8D7878CB1E61738C00B60401 /* Rx-DemoUITests.xctest */;
			productType = "com.apple.product-type.bundle.ui-testing";
		};
/* End PBXNativeTarget section */

/* Begin PBXProject section */
		8D7878A41E61738C00B60401 /* Project object */ = {
			isa = PBXProject;
			attributes = {
				LastSwiftUpdateCheck = 0820;
				LastUpgradeCheck = 0820;
				ORGANIZATIONNAME = "Tran Van Thanh";
				TargetAttributes = {
					8D7878AB1E61738C00B60401 = {
						CreatedOnToolsVersion = 8.2.1;
						DevelopmentTeam = BGWRD3QHR3;
						ProvisioningStyle = Automatic;
					};
					8D7878BF1E61738C00B60401 = {
						CreatedOnToolsVersion = 8.2.1;
						DevelopmentTeam = BGWRD3QHR3;
						ProvisioningStyle = Automatic;
						TestTargetID = 8D7878AB1E61738C00B60401;
					};
					8D7878CA1E61738C00B60401 = {
						CreatedOnToolsVersion = 8.2.1;
						DevelopmentTeam = BGWRD3QHR3;
						ProvisioningStyle = Automatic;
						TestTargetID = 8D7878AB1E61738C00B60401;
					};
				};
			};
			buildConfigurationList = 8D7878A71E61738C00B60401 /* Build configuration list for PBXProject "Rx-Demo" */;
			compatibilityVersion = "Xcode 3.2";
			developmentRegion = English;
			hasScannedForEncodings = 0;
			knownRegions = (
				en,
				Base,
			);
			mainGroup = 8D7878A31E61738C00B60401;
			productRefGroup = 8D7878AD1E61738C00B60401 /* Products */;
			projectDirPath = "";
			projectRoot = "";
			targets = (
				8D7878AB1E61738C00B60401 /* Rx-Demo */,
				8D7878BF1E61738C00B60401 /* Rx-DemoTests */,
				8D7878CA1E61738C00B60401 /* Rx-DemoUITests */,
			);
		};
/* End PBXProject section */

/* Begin PBXResourcesBuildPhase section */
		8D7878AA1E61738C00B60401 /* Resources */ = {
			isa = PBXResourcesBuildPhase;
			buildActionMask = 2147483647;
			files = (
				8D7878BA1E61738C00B60401 /* LaunchScreen.storyboard in Resources */,
				8D7878B71E61738C00B60401 /* Assets.xcassets in Resources */,
				8D7878B51E61738C00B60401 /* Main.storyboard in Resources */,
			);
			runOnlyForDeploymentPostprocessing = 0;
		};
		8D7878BE1E61738C00B60401 /* Resources */ = {
			isa = PBXResourcesBuildPhase;
			buildActionMask = 2147483647;
			files = (
			);
			runOnlyForDeploymentPostprocessing = 0;
		};
		8D7878C91E61738C00B60401 /* Resources */ = {
			isa = PBXResourcesBuildPhase;
			buildActionMask = 2147483647;
			files = (
			);
			runOnlyForDeploymentPostprocessing = 0;
		};
/* End PBXResourcesBuildPhase section */

/* Begin PBXSourcesBuildPhase section */
		8D7878A81E61738C00B60401 /* Sources */ = {
			isa = PBXSourcesBuildPhase;
			buildActionMask = 2147483647;
			files = (
				8D7878B21E61738C00B60401 /* ViewController.swift in Sources */,
				8D7878B01E61738C00B60401 /* AppDelegate.swift in Sources */,
			);
			runOnlyForDeploymentPostprocessing = 0;
		};
		8D7878BC1E61738C00B60401 /* Sources */ = {
			isa = PBXSourcesBuildPhase;
			buildActionMask = 2147483647;
			files = (
				8D7878C51E61738C00B60401 /* Rx_DemoTests.swift in Sources */,
			);
			runOnlyForDeploymentPostprocessing = 0;
		};
		8D7878C71E61738C00B60401 /* Sources */ = {
			isa = PBXSourcesBuildPhase;
			buildActionMask = 2147483647;
			files = (
				8D7878D01E61738C00B60401 /* Rx_DemoUITests.swift in Sources */,
			);
			runOnlyForDeploymentPostprocessing = 0;
		};
/* End PBXSourcesBuildPhase section */

/* Begin PBXTargetDependency section */
		8D7878C21E61738C00B60401 /* PBXTargetDependency */ = {
			isa = PBXTargetDependency;
			target = 8D7878AB1E61738C00B60401 /* Rx-Demo */;
			targetProxy = 8D7878C11E61738C00B60401 /* PBXContainerItemProxy */;
		};
		8D7878CD1E61738C00B60401 /* PBXTargetDependency */ = {
			isa = PBXTargetDependency;
			target = 8D7878AB1E61738C00B60401 /* Rx-Demo */;
			targetProxy = 8D7878CC1E61738C00B60401 /* PBXContainerItemProxy */;
		};
/* End PBXTargetDependency section */

/* Begin PBXVariantGroup section */
		8D7878B31E61738C00B60401 /* Main.storyboard */ = {
			isa = PBXVariantGroup;
			children = (
				8D7878B41E61738C00B60401 /* Base */,
			);
			name = Main.storyboard;
			sourceTree = "<group>";
		};
		8D7878B81E61738C00B60401 /* LaunchScreen.storyboard */ = {
			isa = PBXVariantGroup;
			children = (
				8D7878B91E61738C00B60401 /* Base */,
			);
			name = LaunchScreen.storyboard;
			sourceTree = "<group>";
		};
/* End PBXVariantGroup section */

/* Begin XCBuildConfiguration section */
		8D7878D21E61738C00B60401 /* Debug */ = {
			isa = XCBuildConfiguration;
			buildSettings = {
				ALWAYS_SEARCH_USER_PATHS = NO;
				CLANG_ANALYZER_NONNULL = YES;
				CLANG_CXX_LANGUAGE_STANDARD = "gnu++0x";
				CLANG_CXX_LIBRARY = "libc++";
				CLANG_ENABLE_MODULES = YES;
				CLANG_ENABLE_OBJC_ARC = YES;
				CLANG_WARN_BOOL_CONVERSION = YES;
				CLANG_WARN_CONSTANT_CONVERSION = YES;
				CLANG_WARN_DIRECT_OBJC_ISA_USAGE = YES_ERROR;
				CLANG_WARN_DOCUMENTATION_COMMENTS = YES;
				CLANG_WARN_EMPTY_BODY = YES;
				CLANG_WARN_ENUM_CONVERSION = YES;
				CLANG_WARN_INFINITE_RECURSION = YES;
				CLANG_WARN_INT_CONVERSION = YES;
				CLANG_WARN_OBJC_ROOT_CLASS = YES_ERROR;
				CLANG_WARN_SUSPICIOUS_MOVE = YES;
				CLANG_WARN_UNREACHABLE_CODE = YES;
				CLANG_WARN__DUPLICATE_METHOD_MATCH = YES;
				"CODE_SIGN_IDENTITY[sdk=iphoneos*]" = "iPhone Developer";
				COPY_PHASE_STRIP = NO;
				DEBUG_INFORMATION_FORMAT = dwarf;
				ENABLE_STRICT_OBJC_MSGSEND = YES;
				ENABLE_TESTABILITY = YES;
				GCC_C_LANGUAGE_STANDARD = gnu99;
				GCC_DYNAMIC_NO_PIC = NO;
				GCC_NO_COMMON_BLOCKS = YES;
				GCC_OPTIMIZATION_LEVEL = 0;
				GCC_PREPROCESSOR_DEFINITIONS = (
					"DEBUG=1",
					"$(inherited)",
				);
				GCC_WARN_64_TO_32_BIT_CONVERSION = YES;
				GCC_WARN_ABOUT_RETURN_TYPE = YES_ERROR;
				GCC_WARN_UNDECLARED_SELECTOR = YES;
				GCC_WARN_UNINITIALIZED_AUTOS = YES_AGGRESSIVE;
				GCC_WARN_UNUSED_FUNCTION = YES;
				GCC_WARN_UNUSED_VARIABLE = YES;
				IPHONEOS_DEPLOYMENT_TARGET = 10.2;
				MTL_ENABLE_DEBUG_INFO = YES;
				ONLY_ACTIVE_ARCH = YES;
				SDKROOT = iphoneos;
				SWIFT_ACTIVE_COMPILATION_CONDITIONS = DEBUG;
				SWIFT_OPTIMIZATION_LEVEL = "-Onone";
			};
			name = Debug;
		};
		8D7878D31E61738C00B60401 /* Release */ = {
			isa = XCBuildConfiguration;
			buildSettings = {
				ALWAYS_SEARCH_USER_PATHS = NO;
				CLANG_ANALYZER_NONNULL = YES;
				CLANG_CXX_LANGUAGE_STANDARD = "gnu++0x";
				CLANG_CXX_LIBRARY = "libc++";
				CLANG_ENABLE_MODULES = YES;
				CLANG_ENABLE_OBJC_ARC = YES;
				CLANG_WARN_BOOL_CONVERSION = YES;
				CLANG_WARN_CONSTANT_CONVERSION = YES;
				CLANG_WARN_DIRECT_OBJC_ISA_USAGE = YES_ERROR;
				CLANG_WARN_DOCUMENTATION_COMMENTS = YES;
				CLANG_WARN_EMPTY_BODY = YES;
				CLANG_WARN_ENUM_CONVERSION = YES;
				CLANG_WARN_INFINITE_RECURSION = YES;
				CLANG_WARN_INT_CONVERSION = YES;
				CLANG_WARN_OBJC_ROOT_CLASS = YES_ERROR;
				CLANG_WARN_SUSPICIOUS_MOVE = YES;
				CLANG_WARN_UNREACHABLE_CODE = YES;
				CLANG_WARN__DUPLICATE_METHOD_MATCH = YES;
				"CODE_SIGN_IDENTITY[sdk=iphoneos*]" = "iPhone Developer";
				COPY_PHASE_STRIP = NO;
				DEBUG_INFORMATION_FORMAT = "dwarf-with-dsym";
				ENABLE_NS_ASSERTIONS = NO;
				ENABLE_STRICT_OBJC_MSGSEND = YES;
				GCC_C_LANGUAGE_STANDARD = gnu99;
				GCC_NO_COMMON_BLOCKS = YES;
				GCC_WARN_64_TO_32_BIT_CONVERSION = YES;
				GCC_WARN_ABOUT_RETURN_TYPE = YES_ERROR;
				GCC_WARN_UNDECLARED_SELECTOR = YES;
				GCC_WARN_UNINITIALIZED_AUTOS = YES_AGGRESSIVE;
				GCC_WARN_UNUSED_FUNCTION = YES;
				GCC_WARN_UNUSED_VARIABLE = YES;
				IPHONEOS_DEPLOYMENT_TARGET = 10.2;
				MTL_ENABLE_DEBUG_INFO = NO;
				SDKROOT = iphoneos;
				SWIFT_OPTIMIZATION_LEVEL = "-Owholemodule";
				VALIDATE_PRODUCT = YES;
			};
			name = Release;
		};
		8D7878D51E61738C00B60401 /* Debug */ = {
			isa = XCBuildConfiguration;
			buildSettings = {
				ASSETCATALOG_COMPILER_APPICON_NAME = AppIcon;
				DEVELOPMENT_TEAM = BGWRD3QHR3;
				INFOPLIST_FILE = "Rx-Demo/Info.plist";
				LD_RUNPATH_SEARCH_PATHS = "$(inherited) @executable_path/Frameworks";
				PRODUCT_BUNDLE_IDENTIFIER = "com.tvt.Rx-Demo";
				PRODUCT_NAME = "$(TARGET_NAME)";
				SWIFT_VERSION = 3.0;
			};
			name = Debug;
		};
		8D7878D61E61738C00B60401 /* Release */ = {
			isa = XCBuildConfiguration;
			buildSettings = {
				ASSETCATALOG_COMPILER_APPICON_NAME = AppIcon;
				DEVELOPMENT_TEAM = BGWRD3QHR3;
				INFOPLIST_FILE = "Rx-Demo/Info.plist";
				LD_RUNPATH_SEARCH_PATHS = "$(inherited) @executable_path/Frameworks";
				PRODUCT_BUNDLE_IDENTIFIER = "com.tvt.Rx-Demo";
				PRODUCT_NAME = "$(TARGET_NAME)";
				SWIFT_VERSION = 3.0;
			};
			name = Release;
		};
		8D7878D81E61738C00B60401 /* Debug */ = {
			isa = XCBuildConfiguration;
			buildSettings = {
				ALWAYS_EMBED_SWIFT_STANDARD_LIBRARIES = YES;
				BUNDLE_LOADER = "$(TEST_HOST)";
				DEVELOPMENT_TEAM = BGWRD3QHR3;
				INFOPLIST_FILE = "Rx-DemoTests/Info.plist";
				LD_RUNPATH_SEARCH_PATHS = "$(inherited) @executable_path/Frameworks @loader_path/Frameworks";
				PRODUCT_BUNDLE_IDENTIFIER = "com.tvt.Rx-DemoTests";
				PRODUCT_NAME = "$(TARGET_NAME)";
				SWIFT_VERSION = 3.0;
				TEST_HOST = "$(BUILT_PRODUCTS_DIR)/Rx-Demo.app/Rx-Demo";
			};
			name = Debug;
		};
		8D7878D91E61738C00B60401 /* Release */ = {
			isa = XCBuildConfiguration;
			buildSettings = {
				ALWAYS_EMBED_SWIFT_STANDARD_LIBRARIES = YES;
				BUNDLE_LOADER = "$(TEST_HOST)";
				DEVELOPMENT_TEAM = BGWRD3QHR3;
				INFOPLIST_FILE = "Rx-DemoTests/Info.plist";
				LD_RUNPATH_SEARCH_PATHS = "$(inherited) @executable_path/Frameworks @loader_path/Frameworks";
				PRODUCT_BUNDLE_IDENTIFIER = "com.tvt.Rx-DemoTests";
				PRODUCT_NAME = "$(TARGET_NAME)";
				SWIFT_VERSION = 3.0;
				TEST_HOST = "$(BUILT_PRODUCTS_DIR)/Rx-Demo.app/Rx-Demo";
			};
			name = Release;
		};
		8D7878DB1E61738C00B60401 /* Debug */ = {
			isa = XCBuildConfiguration;
			buildSettings = {
				ALWAYS_EMBED_SWIFT_STANDARD_LIBRARIES = YES;
				DEVELOPMENT_TEAM = BGWRD3QHR3;
				INFOPLIST_FILE = "Rx-DemoUITests/Info.plist";
				LD_RUNPATH_SEARCH_PATHS = "$(inherited) @executable_path/Frameworks @loader_path/Frameworks";
				PRODUCT_BUNDLE_IDENTIFIER = "com.tvt.Rx-DemoUITests";
				PRODUCT_NAME = "$(TARGET_NAME)";
				SWIFT_VERSION = 3.0;
				TEST_TARGET_NAME = "Rx-Demo";
			};
			name = Debug;
		};
		8D7878DC1E61738C00B60401 /* Release */ = {
			isa = XCBuildConfiguration;
			buildSettings = {
				ALWAYS_EMBED_SWIFT_STANDARD_LIBRARIES = YES;
				DEVELOPMENT_TEAM = BGWRD3QHR3;
				INFOPLIST_FILE = "Rx-DemoUITests/Info.plist";
				LD_RUNPATH_SEARCH_PATHS = "$(inherited) @executable_path/Frameworks @loader_path/Frameworks";
				PRODUCT_BUNDLE_IDENTIFIER = "com.tvt.Rx-DemoUITests";
				PRODUCT_NAME = "$(TARGET_NAME)";
				SWIFT_VERSION = 3.0;
				TEST_TARGET_NAME = "Rx-Demo";
			};
			name = Release;
		};
/* End XCBuildConfiguration section */

/* Begin XCConfigurationList section */
		8D7878A71E61738C00B60401 /* Build configuration list for PBXProject "Rx-Demo" */ = {
			isa = XCConfigurationList;
			buildConfigurations = (
				8D7878D21E61738C00B60401 /* Debug */,
				8D7878D31E61738C00B60401 /* Release */,
			);
			defaultConfigurationIsVisible = 0;
			defaultConfigurationName = Release;
		};
		8D7878D41E61738C00B60401 /* Build configuration list for PBXNativeTarget "Rx-Demo" */ = {
			isa = XCConfigurationList;
			buildConfigurations = (
				8D7878D51E61738C00B60401 /* Debug */,
				8D7878D61E61738C00B60401 /* Release */,
			);
			defaultConfigurationIsVisible = 0;
		};
		8D7878D71E61738C00B60401 /* Build configuration list for PBXNativeTarget "Rx-DemoTests" */ = {
			isa = XCConfigurationList;
			buildConfigurations = (
				8D7878D81E61738C00B60401 /* Debug */,
				8D7878D91E61738C00B60401 /* Release */,
			);
			defaultConfigurationIsVisible = 0;
		};
		8D7878DA1E61738C00B60401 /* Build configuration list for PBXNativeTarget "Rx-DemoUITests" */ = {
			isa = XCConfigurationList;
			buildConfigurations = (
				8D7878DB1E61738C00B60401 /* Debug */,
				8D7878DC1E61738C00B60401 /* Release */,
			);
			defaultConfigurationIsVisible = 0;
		};
/* End XCConfigurationList section */
	};
	rootObject = 8D7878A41E61738C00B60401 /* Project object */;
}
